hash: 15390cbce5e97fbb8465dcc3e089f570ec57d734e5f6f3d4b1ab2e17dbbf40b8
updated: 2017-01-15T00:15:04.45756666+09:00
imports:
- name: BurntSushi/toml
  version: ""
- name: github.com/BurntSushi/toml
  version: 99064174e013895bbd9b025c31100bd1d9b590ca
- name: github.com/haya14busa/go-vimlparser
  version: b1ac3e858b14dec160cec7b0965f0ae947c7764b
  subpackages:
  - /cmd/vimlparser
- name: github.com/mitchellh/go-homedir
  version: 756f7b183b7ab78acdbbee5c7f392838ed459dda
- name: github.com/urfave/cli
  version: d86a009f5e13f83df65d0d6cee9a2e3f1445f0da
- name: gopkg.in/urfave/cli.v1
  version: a14d7d367bc02b1f57d88de97926727f2d936387
- name: gopkg.in/yaml.v2
  version: a5b47d31c556af34a302ce5d659e6fea44d90de0
devImports: []
